// !$*UTF8*$!
{
	archiveVersion = 1;
	classes = {
	};
	objectVersion = 56;
	objects = {

/* Begin PBXBuildFile section */
		FBC19E292922D5470019DF2A /* LLVM in Frameworks */ = {isa = PBXBuildFile; productRef = FBC19E282922D5470019DF2A /* LLVM */; };
		FBC19E302922D59D0019DF2A /* Parser.swift in Sources */ = {isa = PBXBuildFile; fileRef = FBC19E2A2922D59D0019DF2A /* Parser.swift */; };
		FBC19E312922D59D0019DF2A /* IRGenerator.swift in Sources */ = {isa = PBXBuildFile; fileRef = FBC19E2B2922D59D0019DF2A /* IRGenerator.swift */; };
		FBC19E322922D59D0019DF2A /* REPL.swift in Sources */ = {isa = PBXBuildFile; fileRef = FBC19E2C2922D59D0019DF2A /* REPL.swift */; };
		FBC19E332922D59D0019DF2A /* main.swift in Sources */ = {isa = PBXBuildFile; fileRef = FBC19E2D2922D59D0019DF2A /* main.swift */; };
		FBC19E342922D59D0019DF2A /* Lexer.swift in Sources */ = {isa = PBXBuildFile; fileRef = FBC19E2E2922D59D0019DF2A /* Lexer.swift */; };
		FBC19E352922D59D0019DF2A /* AST.swift in Sources */ = {isa = PBXBuildFile; fileRef = FBC19E2F2922D59D0019DF2A /* AST.swift */; };
/* End PBXBuildFile section */

/* Begin PBXCopyFilesBuildPhase section */
		FBC19E1B2922D51D0019DF2A /* CopyFiles */ = {
			isa = PBXCopyFilesBuildPhase;
			buildActionMask = 2147483647;
			dstPath = /usr/share/man/man1/;
			dstSubfolderSpec = 0;
			files = (
			);
			runOnlyForDeploymentPostprocessing = 1;
		};
/* End PBXCopyFilesBuildPhase section */

/* Begin PBXFileReference section */
		FBC19E1D2922D51D0019DF2A /* testKaleid */ = {isa = PBXFileReference; explicitFileType = "compiled.mach-o.executable"; includeInIndex = 0; path = testKaleid; sourceTree = BUILT_PRODUCTS_DIR; };
		FBC19E2A2922D59D0019DF2A /* Parser.swift */ = {isa = PBXFileReference; fileEncoding = 4; lastKnownFileType = sourcecode.swift; path = Parser.swift; sourceTree = "<group>"; };
		FBC19E2B2922D59D0019DF2A /* IRGenerator.swift */ = {isa = PBXFileReference; fileEncoding = 4; lastKnownFileType = sourcecode.swift; path = IRGenerator.swift; sourceTree = "<group>"; };
		FBC19E2C2922D59D0019DF2A /* REPL.swift */ = {isa = PBXFileReference; fileEncoding = 4; lastKnownFileType = sourcecode.swift; path = REPL.swift; sourceTree = "<group>"; };
		FBC19E2D2922D59D0019DF2A /* main.swift */ = {isa = PBXFileReference; fileEncoding = 4; lastKnownFileType = sourcecode.swift; path = main.swift; sourceTree = "<group>"; };
		FBC19E2E2922D59D0019DF2A /* Lexer.swift */ = {isa = PBXFileReference; fileEncoding = 4; lastKnownFileType = sourcecode.swift; path = Lexer.swift; sourceTree = "<group>"; };
		FBC19E2F2922D59D0019DF2A /* AST.swift */ = {isa = PBXFileReference; fileEncoding = 4; lastKnownFileType = sourcecode.swift; path = AST.swift; sourceTree = "<group>"; };
/* End PBXFileReference section */

/* Begin PBXFrameworksBuildPhase section */
		FBC19E1A2922D51D0019DF2A /* Frameworks */ = {
			isa = PBXFrameworksBuildPhase;
			buildActionMask = 2147483647;
			files = (
				FBC19E292922D5470019DF2A /* LLVM in Frameworks */,
			);
			runOnlyForDeploymentPostprocessing = 0;
		};
/* End PBXFrameworksBuildPhase section */

/* Begin PBXGroup section */
		FBC19E142922D51D0019DF2A = {
			isa = PBXGroup;
			children = (
				FBC19E1F2922D51D0019DF2A /* testKaleid */,
				FBC19E1E2922D51D0019DF2A /* Products */,
			);
			sourceTree = "<group>";
		};
		FBC19E1E2922D51D0019DF2A /* Products */ = {
			isa = PBXGroup;
			children = (
				FBC19E1D2922D51D0019DF2A /* testKaleid */,
			);
			name = Products;
			sourceTree = "<group>";
		};
		FBC19E1F2922D51D0019DF2A /* testKaleid */ = {
			isa = PBXGroup;
			children = (
				FBC19E2F2922D59D0019DF2A /* AST.swift */,
				FBC19E2B2922D59D0019DF2A /* IRGenerator.swift */,
				FBC19E2E2922D59D0019DF2A /* Lexer.swift */,
				FBC19E2D2922D59D0019DF2A /* main.swift */,
				FBC19E2A2922D59D0019DF2A /* Parser.swift */,
				FBC19E2C2922D59D0019DF2A /* REPL.swift */,
			);
			path = testKaleid;
			sourceTree = "<group>";
		};
/* End PBXGroup section */

/* Begin PBXNativeTarget section */
		FBC19E1C2922D51D0019DF2A /* testKaleid */ = {
			isa = PBXNativeTarget;
			buildConfigurationList = FBC19E242922D51D0019DF2A /* Build configuration list for PBXNativeTarget "testKaleid" */;
			buildPhases = (
				FBC19E192922D51D0019DF2A /* Sources */,
				FBC19E1A2922D51D0019DF2A /* Frameworks */,
				FBC19E1B2922D51D0019DF2A /* CopyFiles */,
			);
			buildRules = (
			);
			dependencies = (
			);
			name = testKaleid;
			packageProductDependencies = (
				FBC19E282922D5470019DF2A /* LLVM */,
			);
			productName = testKaleid;
			productReference = FBC19E1D2922D51D0019DF2A /* testKaleid */;
			productType = "com.apple.product-type.tool";
		};
/* End PBXNativeTarget section */

/* Begin PBXProject section */
		FBC19E152922D51D0019DF2A /* Project object */ = {
			isa = PBXProject;
			attributes = {
				BuildIndependentTargetsInParallel = 1;
				LastSwiftUpdateCheck = 1400;
				LastUpgradeCheck = 1400;
				TargetAttributes = {
					FBC19E1C2922D51D0019DF2A = {
						CreatedOnToolsVersion = 14.0.1;
						LastSwiftMigration = 1400;
					};
				};
			};
			buildConfigurationList = FBC19E182922D51D0019DF2A /* Build configuration list for PBXProject "testKaleid" */;
			compatibilityVersion = "Xcode 14.0";
			developmentRegion = en;
			hasScannedForEncodings = 0;
			knownRegions = (
				en,
				Base,
			);
			mainGroup = FBC19E142922D51D0019DF2A;
			packageReferences = (
				FBC19E272922D5470019DF2A /* XCRemoteSwiftPackageReference "LLVMSwift" */,
			);
			productRefGroup = FBC19E1E2922D51D0019DF2A /* Products */;
			projectDirPath = "";
			projectRoot = "";
			targets = (
				FBC19E1C2922D51D0019DF2A /* testKaleid */,
			);
		};
/* End PBXProject section */

/* Begin PBXSourcesBuildPhase section */
		FBC19E192922D51D0019DF2A /* Sources */ = {
			isa = PBXSourcesBuildPhase;
			buildActionMask = 2147483647;
			files = (
				FBC19E352922D59D0019DF2A /* AST.swift in Sources */,
				FBC19E312922D59D0019DF2A /* IRGenerator.swift in Sources */,
				FBC19E322922D59D0019DF2A /* REPL.swift in Sources */,
				FBC19E332922D59D0019DF2A /* main.swift in Sources */,
				FBC19E302922D59D0019DF2A /* Parser.swift in Sources */,
				FBC19E342922D59D0019DF2A /* Lexer.swift in Sources */,
			);
			runOnlyForDeploymentPostprocessing = 0;
		};
/* End PBXSourcesBuildPhase section */

/* Begin XCBuildConfiguration section */
		FBC19E222922D51D0019DF2A /* Debug */ = {
			isa = XCBuildConfiguration;
			buildSettings = {
				ALWAYS_SEARCH_USER_PATHS = NO;
				CLANG_ANALYZER_NONNULL = YES;
				CLANG_ANALYZER_NUMBER_OBJECT_CONVERSION = YES_AGGRESSIVE;
				CLANG_CXX_LANGUAGE_STANDARD = "gnu++20";
				CLANG_ENABLE_MODULES = YES;
				CLANG_ENABLE_OBJC_ARC = YES;
				CLANG_ENABLE_OBJC_WEAK = YES;
				CLANG_WARN_BLOCK_CAPTURE_AUTORELEASING = YES;
				CLANG_WARN_BOOL_CONVERSION = YES;
				CLANG_WARN_COMMA = YES;
				CLANG_WARN_CONSTANT_CONVERSION = YES;
				CLANG_WARN_DEPRECATED_OBJC_IMPLEMENTATIONS = YES;
				CLANG_WARN_DIRECT_OBJC_ISA_USAGE = YES_ERROR;
				CLANG_WARN_DOCUMENTATION_COMMENTS = YES;
				CLANG_WARN_EMPTY_BODY = YES;
				CLANG_WARN_ENUM_CONVERSION = YES;
				CLANG_WARN_INFINITE_RECURSION = YES;
				CLANG_WARN_INT_CONVERSION = YES;
				CLANG_WARN_NON_LITERAL_NULL_CONVERSION = YES;
				CLANG_WARN_OBJC_IMPLICIT_RETAIN_SELF = YES;
				CLANG_WARN_OBJC_LITERAL_CONVERSION = YES;
				CLANG_WARN_OBJC_ROOT_CLASS = YES_ERROR;
				CLANG_WARN_QUOTED_INCLUDE_IN_FRAMEWORK_HEADER = YES;
				CLANG_WARN_RANGE_LOOP_ANALYSIS = YES;
				CLANG_WARN_STRICT_PROTOTYPES = YES;
				CLANG_WARN_SUSPICIOUS_MOVE = YES;
				CLANG_WARN_UNGUARDED_AVAILABILITY = YES_AGGRESSIVE;
				CLANG_WARN_UNREACHABLE_CODE = YES;
				CLANG_WARN__DUPLICATE_METHOD_MATCH = YES;
				COPY_PHASE_STRIP = NO;
				DEBUG_INFORMATION_FORMAT = dwarf;
				ENABLE_STRICT_OBJC_MSGSEND = YES;
				ENABLE_TESTABILITY = YES;
				GCC_C_LANGUAGE_STANDARD = gnu11;
				GCC_DYNAMIC_NO_PIC = NO;
				GCC_NO_COMMON_BLOCKS = YES;
				GCC_OPTIMIZATION_LEVEL = 0;
				GCC_PREPROCESSOR_DEFINITIONS = (
					"DEBUG=1",
					"$(inherited)",
				);
				GCC_WARN_64_TO_32_BIT_CONVERSION = YES;
				GCC_WARN_ABOUT_RETURN_TYPE = YES_ERROR;
				GCC_WARN_UNDECLARED_SELECTOR = YES;
				GCC_WARN_UNINITIALIZED_AUTOS = YES_AGGRESSIVE;
				GCC_WARN_UNUSED_FUNCTION = YES;
				GCC_WARN_UNUSED_VARIABLE = YES;
				MACOSX_DEPLOYMENT_TARGET = 12.3;
				MTL_ENABLE_DEBUG_INFO = INCLUDE_SOURCE;
				MTL_FAST_MATH = YES;
				ONLY_ACTIVE_ARCH = YES;
				SDKROOT = macosx;
				SWIFT_ACTIVE_COMPILATION_CONDITIONS = DEBUG;
				SWIFT_OPTIMIZATION_LEVEL = "-Onone";
			};
			name = Debug;
		};
		FBC19E232922D51D0019DF2A /* Release */ = {
			isa = XCBuildConfiguration;
			buildSettings = {
				ALWAYS_SEARCH_USER_PATHS = NO;
				CLANG_ANALYZER_NONNULL = YES;
				CLANG_ANALYZER_NUMBER_OBJECT_CONVERSION = YES_AGGRESSIVE;
				CLANG_CXX_LANGUAGE_STANDARD = "gnu++20";
				CLANG_ENABLE_MODULES = YES;
				CLANG_ENABLE_OBJC_ARC = YES;
				CLANG_ENABLE_OBJC_WEAK = YES;
				CLANG_WARN_BLOCK_CAPTURE_AUTORELEASING = YES;
				CLANG_WARN_BOOL_CONVERSION = YES;
				CLANG_WARN_COMMA = YES;
				CLANG_WARN_CONSTANT_CONVERSION = YES;
				CLANG_WARN_DEPRECATED_OBJC_IMPLEMENTATIONS = YES;
				CLANG_WARN_DIRECT_OBJC_ISA_USAGE = YES_ERROR;
				CLANG_WARN_DOCUMENTATION_COMMENTS = YES;
				CLANG_WARN_EMPTY_BODY = YES;
				CLANG_WARN_ENUM_CONVERSION = YES;
				CLANG_WARN_INFINITE_RECURSION = YES;
				CLANG_WARN_INT_CONVERSION = YES;
				CLANG_WARN_NON_LITERAL_NULL_CONVERSION = YES;
				CLANG_WARN_OBJC_IMPLICIT_RETAIN_SELF = YES;
				CLANG_WARN_OBJC_LITERAL_CONVERSION = YES;
				CLANG_WARN_OBJC_ROOT_CLASS = YES_ERROR;
				CLANG_WARN_QUOTED_INCLUDE_IN_FRAMEWORK_HEADER = YES;
				CLANG_WARN_RANGE_LOOP_ANALYSIS = YES;
				CLANG_WARN_STRICT_PROTOTYPES = YES;
				CLANG_WARN_SUSPICIOUS_MOVE = YES;
				CLANG_WARN_UNGUARDED_AVAILABILITY = YES_AGGRESSIVE;
				CLANG_WARN_UNREACHABLE_CODE = YES;
				CLANG_WARN__DUPLICATE_METHOD_MATCH = YES;
				COPY_PHASE_STRIP = NO;
				DEBUG_INFORMATION_FORMAT = "dwarf-with-dsym";
				ENABLE_NS_ASSERTIONS = NO;
				ENABLE_STRICT_OBJC_MSGSEND = YES;
				GCC_C_LANGUAGE_STANDARD = gnu11;
				GCC_NO_COMMON_BLOCKS = YES;
				GCC_WARN_64_TO_32_BIT_CONVERSION = YES;
				GCC_WARN_ABOUT_RETURN_TYPE = YES_ERROR;
				GCC_WARN_UNDECLARED_SELECTOR = YES;
				GCC_WARN_UNINITIALIZED_AUTOS = YES_AGGRESSIVE;
				GCC_WARN_UNUSED_FUNCTION = YES;
				GCC_WARN_UNUSED_VARIABLE = YES;
				MACOSX_DEPLOYMENT_TARGET = 12.3;
				MTL_ENABLE_DEBUG_INFO = NO;
				MTL_FAST_MATH = YES;
				SDKROOT = macosx;
				SWIFT_COMPILATION_MODE = wholemodule;
				SWIFT_OPTIMIZATION_LEVEL = "-O";
			};
			name = Release;
		};
		FBC19E252922D51D0019DF2A /* Debug */ = {
			isa = XCBuildConfiguration;
			buildSettings = {
				CLANG_ENABLE_MODULES = YES;
				CODE_SIGN_STYLE = Automatic;
				DEVELOPMENT_TEAM = RJTYFV5RFU;
				ENABLE_HARDENED_RUNTIME = YES;
				LD_RUNPATH_SEARCH_PATHS = (
					"$(inherited)",
					"@executable_path/../Frameworks",
					"@loader_path/../Frameworks",
				);
				PRODUCT_NAME = "$(TARGET_NAME)";
				SWIFT_OPTIMIZATION_LEVEL = "-Onone";
				SWIFT_VERSION = 5.0;
			};
			name = Debug;
		};
		FBC19E262922D51D0019DF2A /* Release */ = {
			isa = XCBuildConfiguration;
			buildSettings = {
				CLANG_ENABLE_MODULES = YES;
				CODE_SIGN_STYLE = Automatic;
				DEVELOPMENT_TEAM = RJTYFV5RFU;
				ENABLE_HARDENED_RUNTIME = YES;
				LD_RUNPATH_SEARCH_PATHS = (
					"$(inherited)",
					"@executable_path/../Frameworks",
					"@loader_path/../Frameworks",
				);
				PRODUCT_NAME = "$(TARGET_NAME)";
				SWIFT_VERSION = 5.0;
			};
			name = Release;
		};
/* End XCBuildConfiguration section */

/* Begin XCConfigurationList section */
		FBC19E182922D51D0019DF2A /* Build configuration list for PBXProject "testKaleid" */ = {
			isa = XCConfigurationList;
			buildConfigurations = (
				FBC19E222922D51D0019DF2A /* Debug */,
				FBC19E232922D51D0019DF2A /* Release */,
			);
			defaultConfigurationIsVisible = 0;
			defaultConfigurationName = Release;
		};
		FBC19E242922D51D0019DF2A /* Build configuration list for PBXNativeTarget "testKaleid" */ = {
			isa = XCConfigurationList;
			buildConfigurations = (
				FBC19E252922D51D0019DF2A /* Debug */,
				FBC19E262922D51D0019DF2A /* Release */,
			);
			defaultConfigurationIsVisible = 0;
			defaultConfigurationName = Release;
		};
/* End XCConfigurationList section */

/* Begin XCRemoteSwiftPackageReference section */
		FBC19E272922D5470019DF2A /* XCRemoteSwiftPackageReference "LLVMSwift" */ = {
			isa = XCRemoteSwiftPackageReference;
			repositoryURL = "https://github.com/llvm-swift/LLVMSwift.git";
			requirement = {
				kind = exactVersion;
				version = 0.8.0;
			};
		};
/* End XCRemoteSwiftPackageReference section */

/* Begin XCSwiftPackageProductDependency section */
		FBC19E282922D5470019DF2A /* LLVM */ = {
			isa = XCSwiftPackageProductDependency;
			package = FBC19E272922D5470019DF2A /* XCRemoteSwiftPackageReference "LLVMSwift" */;
			productName = LLVM;
		};
/* End XCSwiftPackageProductDependency section */
	};
	rootObject = FBC19E152922D51D0019DF2A /* Project object */;
}
